<?xml version="1.0" encoding="utf-8"?>
<Project ToolsVersion="4.0" xmlns="http://schemas.microsoft.com/developer/msbuild/2003">
  <ItemGroup>
    <Filter Include="소스 파일">
      <UniqueIdentifier>{4FC737F1-C7A5-4376-A066-2A32D752A2FF}</UniqueIdentifier>
      <Extensions>cpp;c;cc;cxx;c++;cppm;ixx;def;odl;idl;hpj;bat;asm;asmx</Extensions>
    </Filter>
    <Filter Include="헤더 파일">
      <UniqueIdentifier>{93995380-89BD-4b04-88EB-625FBE52EBFB}</UniqueIdentifier>
      <Extensions>h;hh;hpp;hxx;h++;hm;inl;inc;ipp;xsd</Extensions>
    </Filter>
    <Filter Include="리소스 파일">
      <UniqueIdentifier>{67DA6AB6-F800-4c08-8B7A-83BB121AAD01}</UniqueIdentifier>
      <Extensions>rc;ico;cur;bmp;dlg;rc2;rct;bin;rgs;gif;jpg;jpeg;jpe;resx;tiff;tif;png;wav;mfcribbon-ms</Extensions>
    </Filter>
    <Filter Include="헤더 파일\Interface">
      <UniqueIdentifier>{b0091c94-c602-45b5-824f-eecc47095a73}</UniqueIdentifier>
    </Filter>
    <Filter Include="헤더 파일\Class">
      <UniqueIdentifier>{ba8fa021-fff9-4bd5-97b9-dadf69ed8df4}</UniqueIdentifier>
    </Filter>
    <Filter Include="소스 파일\Product">
      <UniqueIdentifier>{c9e60194-7d0c-4a14-92b6-a0196a729a88}</UniqueIdentifier>
    </Filter>
    <Filter Include="소스 파일\User">
      <UniqueIdentifier>{cb1a98e9-61c6-4a96-99a6-ecb9e5ccfcce}</UniqueIdentifier>
    </Filter>
    <Filter Include="소스 파일\EleventhStreet">
      <UniqueIdentifier>{9cde26da-5cf1-442e-8bb7-8ea4a9cb9b68}</UniqueIdentifier>
    </Filter>
    <Filter Include="소스 파일\Order">
      <UniqueIdentifier>{97930041-b748-4f3d-8dca-cf01d030a07a}</UniqueIdentifier>
    </Filter>
    <Filter Include="소스 파일\Managers">
      <UniqueIdentifier>{845a8215-3c9e-4043-989a-2470ca5f4cff}</UniqueIdentifier>
    </Filter>
  </ItemGroup>
  <ItemGroup>
    <ClCompile Include="main.cpp">
      <Filter>소스 파일</Filter>
    </ClCompile>
    <ClCompile Include="BuyerInterface.h">
      <Filter>헤더 파일\Interface</Filter>
    </ClCompile>
    <ClCompile Include="Product.cpp">
      <Filter>소스 파일\Product</Filter>
    </ClCompile>
    <ClCompile Include="ProductDetails.cpp">
      <Filter>소스 파일\Product</Filter>
    </ClCompile>
    <ClCompile Include="DeliveryDetails.cpp">
      <Filter>소스 파일\Product</Filter>
    </ClCompile>
    <ClCompile Include="User.cpp">
      <Filter>소스 파일\User</Filter>
    </ClCompile>
    <ClCompile Include="Buyer.cpp">
      <Filter>소스 파일\User</Filter>
    </ClCompile>
    <ClCompile Include="Seller.cpp">
      <Filter>소스 파일\User</Filter>
    </ClCompile>
    <ClCompile Include="EleventhStreet.cpp">
      <Filter>소스 파일\EleventhStreet</Filter>
    </ClCompile>
    <ClCompile Include="Order.cpp">
      <Filter>소스 파일\Order</Filter>
    </ClCompile>
    <ClCompile Include="OrderItem.cpp">
      <Filter>소스 파일\Order</Filter>
    </ClCompile>
    <ClCompile Include="Address.cpp">
      <Filter>소스 파일\User</Filter>
    </ClCompile>
    <ClCompile Include="CategoryManager.h">
      <Filter>헤더 파일\Class</Filter>
    </ClCompile>
    <ClCompile Include="CategoryManager.cpp">
      <Filter>소스 파일\Managers</Filter>
    </ClCompile>
    <ClCompile Include="ProductManager.cpp">
      <Filter>소스 파일\Managers</Filter>
    </ClCompile>
  </ItemGroup>
  <ItemGroup>
    <ClInclude Include="BuyerOrderInterface.h">
      <Filter>헤더 파일\Interface</Filter>
    </ClInclude>
    <ClInclude Include="BuyerProductInterface.h">
      <Filter>헤더 파일\Interface</Filter>
    </ClInclude>
    <ClInclude Include="DetailsInterface.h">
      <Filter>헤더 파일\Interface</Filter>
    </ClInclude>
    <ClInclude Include="ProductSearchInterface.h">
      <Filter>헤더 파일\Interface</Filter>
    </ClInclude>
    <ClInclude Include="SearchOrderInterface.h">
      <Filter>헤더 파일\Interface</Filter>
    </ClInclude>
    <ClInclude Include="SellerOrderInterface.h">
      <Filter>헤더 파일\Interface</Filter>
    </ClInclude>
    <ClInclude Include="SellerProductInterface.h">
      <Filter>헤더 파일\Interface</Filter>
    </ClInclude>
    <ClInclude Include="Address.h">
      <Filter>헤더 파일\Class</Filter>
    </ClInclude>
    <ClInclude Include="Buyer.h">
      <Filter>헤더 파일\Class</Filter>
    </ClInclude>
    <ClInclude Include="DeliveryDetails.h">
      <Filter>헤더 파일\Class</Filter>
    </ClInclude>
    <ClInclude Include="EleventhStreet.h">
      <Filter>헤더 파일\Class</Filter>
    </ClInclude>
    <ClInclude Include="Order.h">
      <Filter>헤더 파일\Class</Filter>
    </ClInclude>
    <ClInclude Include="OrderItem.h">
      <Filter>헤더 파일\Class</Filter>
    </ClInclude>
    <ClInclude Include="Product.h">
      <Filter>헤더 파일\Class</Filter>
    </ClInclude>
    <ClInclude Include="ProductDetails.h">
      <Filter>헤더 파일\Class</Filter>
    </ClInclude>
    <ClInclude Include="Seller.h">
      <Filter>헤더 파일\Class</Filter>
    </ClInclude>
    <ClInclude Include="User.h">
      <Filter>헤더 파일\Class</Filter>
    </ClInclude>
    <ClInclude Include="SellerInterface.h">
      <Filter>헤더 파일\Interface</Filter>
    </ClInclude>
    <ClInclude Include="SellerMallInterface.h">
      <Filter>헤더 파일\Interface</Filter>
    </ClInclude>
    <ClInclude Include="BuyerMallInterface.h">
      <Filter>헤더 파일\Interface</Filter>
    </ClInclude>
    <ClInclude Include="ProductManager.h">
      <Filter>헤더 파일\Class</Filter>
    </ClInclude>
  </ItemGroup>
</Project>